
Microsoft Visual Studio Solution File, Format Version 12.00
# Visual Studio 15
VisualStudioVersion = 15.0.27703.2042
MinimumVisualStudioVersion = 10.0.40219.1
Project("{9A19103F-16F7-4668-BE54-9A1E7A4F7556}") = "Orders", "Orders\Orders.csproj", "{4EF99C79-BFD3-49BB-B57B-DE0D356BD104}"
EndProject
Project("{FAE04EC0-301F-11D3-BF4B-00C04F79EFBC}") = "Orders.API", "Orders.API\Orders.API.csproj", "{75B145D1-3CFA-4DA6-8033-E14957EE62C5}"
EndProject
Project("{FAE04EC0-301F-11D3-BF4B-00C04F79EFBC}") = "Orders.Infrastructure", "Orders.Infrastructure\Orders.Infrastructure.csproj", "{CAB17E17-DF88-441C-B8CF-4473A09E659F}"
EndProject
Global
	GlobalSection(SolutionConfigurationPlatforms) = preSolution
		Debug|Any CPU = Debug|Any CPU
		Release|Any CPU = Release|Any CPU
	EndGlobalSection
	GlobalSection(ProjectConfigurationPlatforms) = postSolution
		{4EF99C79-BFD3-49BB-B57B-DE0D356BD104}.Debug|Any CPU.ActiveCfg = Debug|Any CPU
		{4EF99C79-BFD3-49BB-B57B-DE0D356BD104}.Debug|Any CPU.Build.0 = Debug|Any CPU
		{4EF99C79-BFD3-49BB-B57B-DE0D356BD104}.Release|Any CPU.ActiveCfg = Release|Any CPU
		{4EF99C79-BFD3-49BB-B57B-DE0D356BD104}.Release|Any CPU.Build.0 = Release|Any CPU
		{75B145D1-3CFA-4DA6-8033-E14957EE62C5}.Debug|Any CPU.ActiveCfg = Debug|Any CPU
		{75B145D1-3CFA-4DA6-8033-E14957EE62C5}.Debug|Any CPU.Build.0 = Debug|Any CPU
		{75B145D1-3CFA-4DA6-8033-E14957EE62C5}.Release|Any CPU.ActiveCfg = Release|Any CPU
		{75B145D1-3CFA-4DA6-8033-E14957EE62C5}.Release|Any CPU.Build.0 = Release|Any CPU
		{CAB17E17-DF88-441C-B8CF-4473A09E659F}.Debug|Any CPU.ActiveCfg = Debug|Any CPU
		{CAB17E17-DF88-441C-B8CF-4473A09E659F}.Debug|Any CPU.Build.0 = Debug|Any CPU
		{CAB17E17-DF88-441C-B8CF-4473A09E659F}.Release|Any CPU.ActiveCfg = Release|Any CPU
		{CAB17E17-DF88-441C-B8CF-4473A09E659F}.Release|Any CPU.Build.0 = Release|Any CPU
	EndGlobalSection
	GlobalSection(SolutionProperties) = preSolution
		HideSolutionNode = FALSE
	EndGlobalSection
	GlobalSection(ExtensibilityGlobals) = postSolution
		SolutionGuid = {071639F3-AA02-4041-B62E-209D73DE210A}
	EndGlobalSection
EndGlobal
